
Microsoft Visual Studio Solution File, Format Version 12.00
# Visual Studio Version 17
VisualStudioVersion = 17.14.36221.1 d17.14
MinimumVisualStudioVersion = 10.0.40219.1
Project("{FAE04EC0-301F-11D3-BF4B-00C04F79EFBC}") = "FullAuth", "FullAuth\FullAuth.csproj", "{3708C678-774F-43F3-8133-9ADCF9CEE45A}"
EndProject
Global
	GlobalSection(SolutionConfigurationPlatforms) = preSolution
		Debug|Any CPU = Debug|Any CPU
		Release|Any CPU = Release|Any CPU
	EndGlobalSection
	GlobalSection(ProjectConfigurationPlatforms) = postSolution
		{3708C678-774F-43F3-8133-9ADCF9CEE45A}.Debug|Any CPU.ActiveCfg = Debug|Any CPU
		{3708C678-774F-43F3-8133-9ADCF9CEE45A}.Debug|Any CPU.Build.0 = Debug|Any CPU
		{3708C678-774F-43F3-8133-9ADCF9CEE45A}.Release|Any CPU.ActiveCfg = Release|Any CPU
		{3708C678-774F-43F3-8133-9ADCF9CEE45A}.Release|Any CPU.Build.0 = Release|Any CPU
	EndGlobalSection
	GlobalSection(SolutionProperties) = preSolution
		HideSolutionNode = FALSE
	EndGlobalSection
	GlobalSection(ExtensibilityGlobals) = postSolution
		SolutionGuid = {382E7069-B584-434F-9F3B-2664E4C0E2A6}
	EndGlobalSection
EndGlobal
